# THIS IS AN AUTOGENERATED FILE. DO NOT EDIT THIS FILE DIRECTLY.
# yarn lockfile v1


"@napi-rs/triples@^1.0.3":
  version "1.0.3"
  resolved "https://registry.yarnpkg.com/@napi-rs/triples/-/triples-1.0.3.tgz#76d6d0c3f4d16013c61e45dfca5ff1e6c31ae53c"
  integrity sha512-jDJTpta+P4p1NZTFVLHJ/TLFVYVcOqv6l8xwOeBKNPMgY/zDYH/YH7SJbvrr/h1RcS9GzbPcLKGzpuK9cV56UA==

"@node-rs/helper@^1.0.0":
  version "1.2.1"
  resolved "https://registry.yarnpkg.com/@node-rs/helper/-/helper-1.2.1.tgz#e079b05f21ff4329d82c4e1f71c0290e4ecdc70c"
  integrity sha512-R5wEmm8nbuQU0YGGmYVjEc0OHtYsuXdpRG+Ut/3wZ9XAvQWyThN08bTh2cBJgoZxHQUPtvRfeQuxcAgLuiBISg==
  dependencies:
    "@napi-rs/triples" "^1.0.3"

"@nodelib/fs.scandir@2.1.5":
  version "2.1.5"
  resolved "https://registry.yarnpkg.com/@nodelib/fs.scandir/-/fs.scandir-2.1.5.tgz#7619c2eb21b25483f6d167548b4cfd5a7488c3d5"
  integrity sha512-vq24Bq3ym5HEQm2NKCr3yXDwjc7vTsEThRDnkp2DK9p1uqLR+DHurm/NOTo0KG7HYHU7eppKZj3MyqYuMBf62g==
  dependencies:
    "@nodelib/fs.stat" "2.0.5"
    run-parallel "^1.1.9"

"@nodelib/fs.stat@2.0.5", "@nodelib/fs.stat@^2.0.2":
  version "2.0.5"
  resolved "https://registry.yarnpkg.com/@nodelib/fs.stat/-/fs.stat-2.0.5.tgz#5bd262af94e9d25bd1e71b05deed44876a222e8b"
  integrity sha512-RkhPPp2zrqDAQA/2jNhnztcPAlv64XdhIp7a7454A5ovI7Bukxgt7MX7udwAu3zg1DcpPU0rz3VV1SeaqvY4+A==

"@nodelib/fs.walk@^1.2.3":
  version "1.2.8"
  resolved "https://registry.yarnpkg.com/@nodelib/fs.walk/-/fs.walk-1.2.8.tgz#e95737e8bb6746ddedf69c556953494f196fe69a"
  integrity sha512-oGB+UxlgWcgQkgwo8GcEGwemoTFt3FIO9ababBmaGwXIoBKZ+GTy0pP185beGg7Llih/NSHSV2XAs1lnznocSg==
  dependencies:
    "@nodelib/fs.scandir" "2.1.5"
    fastq "^1.6.0"

"@swc/cli@^0.1.36":
  version "0.1.46"
  resolved "https://registry.yarnpkg.com/@swc/cli/-/cli-0.1.46.tgz#b6de4f39bd451ef6397c60a682ff6e3e7112bedc"
  integrity sha512-xRpsVEQoBP3bC3Pfk7CpPAjzfcIMd93KxL6uPd8uLQ93roC+sAqoZnXWsihxn8KFLlFC+7rfcbcoB0XFxag9qg==
  dependencies:
    commander "^7.1.0"
    fast-glob "^3.2.5"
    slash "3.0.0"
    source-map "^0.7.3"

"@swc/core-android-arm64@^1.2.76":
  version "1.2.76"
  resolved "https://registry.yarnpkg.com/@swc/core-android-arm64/-/core-android-arm64-1.2.76.tgz#533a350129c9f2bc7f277a182a3a0cdedc39c5dd"
  integrity sha512-LoAUixfIK5OYUIgtmFR+yOpf0xQlMjBC1k4mzyFlpM1tCHS6nuxs0wSC8gjMe04Q0nww6oSyJQNnptKISwG5cQ==

"@swc/core-darwin-arm64@^1.2.76":
  version "1.2.76"
  resolved "https://registry.yarnpkg.com/@swc/core-darwin-arm64/-/core-darwin-arm64-1.2.76.tgz#1eafb430f11bc4eadfdc737225905947285e7df5"
  integrity sha512-DyFMfFOJ3QbXFVdfEAkkuVmB1AJs8lr5fism0tRNc07ESrcgp+Mxn7Tk7d4GBBZjvhjNBk+UldHhgZyQSDRbkQ==

"@swc/core-darwin-x64@^1.2.76":
  version "1.2.76"
  resolved "https://registry.yarnpkg.com/@swc/core-darwin-x64/-/core-darwin-x64-1.2.76.tgz#abc9004600c9c4e0b2c6e88f15803eec08901b52"
  integrity sha512-Rd/8AiebUvNnUpOKKOAZKD1K7u6G/8cpxsCHyr4R/qo1PW/sxcgZNAC++kCypd74YwdPp/301fMlDT3SthpQTw==

"@swc/core-freebsd-x64@^1.2.76":
  version "1.2.76"
  resolved "https://registry.yarnpkg.com/@swc/core-freebsd-x64/-/core-freebsd-x64-1.2.76.tgz#7e8b0352961f7b732a2b43e79ba965973cc2c7e8"
  integrity sha512-vWd314/GA74HrwaT9R/DScmVXbkjTz90UpSRIa2SnhUWlkfpn9SqumP+aii7yfFEX0XDbOziVxb/w0XR8luO9A==

"@swc/core-linux-arm-gnueabihf@^1.2.76":
  version "1.2.76"
  resolved "https://registry.yarnpkg.com/@swc/core-linux-arm-gnueabihf/-/core-linux-arm-gnueabihf-1.2.76.tgz#169fb8bd20398bc770e68fdac98bd8b47ec94aa2"
  integrity sha512-NTFtjwO9J4d4DJa3zDJYzI5/PHaVPqxUVvXOadA2h17xq2elT/HAxxm/i4ZCbsv3vTpF6DdArPjfmwKDcME0TQ==

"@swc/core-linux-arm64-gnu@^1.2.76":
  version "1.2.76"
  resolved "https://registry.yarnpkg.com/@swc/core-linux-arm64-gnu/-/core-linux-arm64-gnu-1.2.76.tgz#3d3d614a3ddb67deb3bfb22349c2d35d506a861e"
  integrity sha512-6p15ZSFXPHEnKPQfF6uw9czpofh6U+Jr4rixm7/6tM6mN7036cQQnu3aw+QhgbmLJYiG0Nbuz7W5LaR4yzabrw==

"@swc/core-linux-arm64-musl@^1.2.76":
  version "1.2.76"
  resolved "https://registry.yarnpkg.com/@swc/core-linux-arm64-musl/-/core-linux-arm64-musl-1.2.76.tgz#4ea77c5355ee3b2b4ed70061e145a6b4b196b8b9"
  integrity sha512-RE62QEm7Ox2+HniQ+pz06nRIP+jltfWTxhAqvorFjEk9RhvBso18d/BC7S9p0tMU3YlQSaAfB7tLm8kONFgZaQ==

"@swc/core-linux-x64-gnu@^1.2.76":
  version "1.2.76"
  resolved "https://registry.yarnpkg.com/@swc/core-linux-x64-gnu/-/core-linux-x64-gnu-1.2.76.tgz#bd2e7edce98f7afda75701d233023b2041210db9"
  integrity sha512-f+lcRg7ygc5PSJrASbJR3WvmALTetff2UTgQN7rjRyYGkOclN0G4Ck+B04f7FBQqe+MxpslCzoWX/ETfyiqUJw==

"@swc/core-linux-x64-musl@^1.2.76":
  version "1.2.76"
  resolved "https://registry.yarnpkg.com/@swc/core-linux-x64-musl/-/core-linux-x64-musl-1.2.76.tgz#695048c865102132b7c04dfb5cc1a3ef5c9b3cc5"
  integrity sha512-6dbV8VjgOGe7DK0PYhKWe/yCnr3AQreL6CWDgxXQBoVqYFDyIJQrqqXXyLNFWFH7fCu9IjoX65y9F0eO7uUNRw==

"@swc/core-win32-arm64-msvc@^1.2.76":
  version "1.2.76"
  resolved "https://registry.yarnpkg.com/@swc/core-win32-arm64-msvc/-/core-win32-arm64-msvc-1.2.76.tgz#38911c7ab2aba6104c6dd566dbbb513eb77db6f5"
  integrity sha512-04W88D5apPh2y07WjDGnEf/L0n4inbxtPI521FK7rKmYo8lcIm4Hv6QldEY7oq0AfsCkhZhi1GbdCZAwwFZvDQ==

"@swc/core-win32-ia32-msvc@^1.2.76":
  version "1.2.76"
  resolved "https://registry.yarnpkg.com/@swc/core-win32-ia32-msvc/-/core-win32-ia32-msvc-1.2.76.tgz#bff4074ace29c706fd8c189799c899041f5362fe"
  integrity sha512-S7cptdETM0ONrT3hitabymEdyPv3SN37JvAWDmTLpIayJLp79192WkqiD6MhM7al+BmoVMfUGn+FazGumBnDDQ==

"@swc/core-win32-x64-msvc@^1.2.76":
  version "1.2.76"
  resolved "https://registry.yarnpkg.com/@swc/core-win32-x64-msvc/-/core-win32-x64-msvc-1.2.76.tgz#7c4ae7689dd8414aa65827686ebc78e0c0c130e4"
  integrity sha512-CvgWITouMnWSA/yiP4yEbXlTt9qoI0DvWz2riuW3vbQWGqsz0NcvXqsWzcrqvOG5+y62ZVUKW4sukBu0kOjNEw==

"@swc/core@^1.2.58":
  version "1.2.76"
  resolved "https://registry.yarnpkg.com/@swc/core/-/core-1.2.76.tgz#86aa88bf174936cfe6c8961cfe0b9edcf92ef518"
  integrity sha512-oS4HMvHPYRD8i4pegxjET+3OTKJRd1CixulqoeNKi1pxW0bZ0mqeGXgLJJcAR0vtHRyF4Kv4yLh6qHhxfiIixQ==
  dependencies:
    "@node-rs/helper" "^1.0.0"
  optionalDependencies:
    "@swc/core-android-arm64" "^1.2.76"
    "@swc/core-darwin-arm64" "^1.2.76"
    "@swc/core-darwin-x64" "^1.2.76"
    "@swc/core-freebsd-x64" "^1.2.76"
    "@swc/core-linux-arm-gnueabihf" "^1.2.76"
    "@swc/core-linux-arm64-gnu" "^1.2.76"
    "@swc/core-linux-arm64-musl" "^1.2.76"
    "@swc/core-linux-x64-gnu" "^1.2.76"
    "@swc/core-linux-x64-musl" "^1.2.76"
    "@swc/core-win32-arm64-msvc" "^1.2.76"
    "@swc/core-win32-ia32-msvc" "^1.2.76"
    "@swc/core-win32-x64-msvc" "^1.2.76"

braces@^3.0.1:
  version "3.0.2"
  resolved "https://registry.yarnpkg.com/braces/-/braces-3.0.2.tgz#3454e1a462ee8d599e236df336cd9ea4f8afe107"
  integrity sha512-b8um+L1RzM3WDSzvhm6gIz1yfTbBt6YTlcEKAvsmqCZZFw46z626lVj9j1yEPW33H5H+lBQpZMP1k8l+78Ha0A==
  dependencies:
    fill-range "^7.0.1"

commander@^7.1.0:
  version "7.2.0"
  resolved "https://registry.yarnpkg.com/commander/-/commander-7.2.0.tgz#a36cb57d0b501ce108e4d20559a150a391d97ab7"
  integrity sha512-QrWXB+ZQSVPmIWIhtEO9H+gwHaMGYiF5ChvoJ+K9ZGHG/sVsa6yiesAD1GC/x46sET00Xlwo1u49RVVVzvcSkw==

fast-glob@^3.2.5:
  version "3.2.7"
  resolved "https://registry.yarnpkg.com/fast-glob/-/fast-glob-3.2.7.tgz#fd6cb7a2d7e9aa7a7846111e85a196d6b2f766a1"
  integrity sha512-rYGMRwip6lUMvYD3BTScMwT1HtAs2d71SMv66Vrxs0IekGZEjhM0pcMfjQPnknBt2zeCwQMEupiN02ZP4DiT1Q==
  dependencies:
    "@nodelib/fs.stat" "^2.0.2"
    "@nodelib/fs.walk" "^1.2.3"
    glob-parent "^5.1.2"
    merge2 "^1.3.0"
    micromatch "^4.0.4"

fastq@^1.6.0:
  version "1.11.1"
  resolved "https://registry.yarnpkg.com/fastq/-/fastq-1.11.1.tgz#5d8175aae17db61947f8b162cfc7f63264d22807"
  integrity sha512-HOnr8Mc60eNYl1gzwp6r5RoUyAn5/glBolUzP/Ez6IFVPMPirxn/9phgL6zhOtaTy7ISwPvQ+wT+hfcRZh/bzw==
  dependencies:
    reusify "^1.0.4"

fill-range@^7.0.1:
  version "7.0.1"
  resolved "https://registry.yarnpkg.com/fill-range/-/fill-range-7.0.1.tgz#1919a6a7c75fe38b2c7c77e5198535da9acdda40"
  integrity sha512-qOo9F+dMUmC2Lcb4BbVvnKJxTPjCm+RRpe4gDuGrzkL7mEVl/djYSu2OdQ2Pa302N4oqkSg9ir6jaLWJ2USVpQ==
  dependencies:
    to-regex-range "^5.0.1"

glob-parent@^5.1.2:
  version "5.1.2"
  resolved "https://registry.yarnpkg.com/glob-parent/-/glob-parent-5.1.2.tgz#869832c58034fe68a4093c17dc15e8340d8401c4"
  integrity sha512-AOIgSQCepiJYwP3ARnGx+5VnTu2HBYdzbGP45eLw1vr3zB3vZLeyed1sC9hnbcOc9/SrMyM5RPQrkGz4aS9Zow==
  dependencies:
    is-glob "^4.0.1"

is-extglob@^2.1.1:
  version "2.1.1"
  resolved "https://registry.yarnpkg.com/is-extglob/-/is-extglob-2.1.1.tgz#a88c02535791f02ed37c76a1b9ea9773c833f8c2"
  integrity sha1-qIwCU1eR8C7TfHahueqXc8gz+MI=

is-glob@^4.0.1:
  version "4.0.1"
  resolved "https://registry.yarnpkg.com/is-glob/-/is-glob-4.0.1.tgz#7567dbe9f2f5e2467bc77ab83c4a29482407a5dc"
  integrity sha512-5G0tKtBTFImOqDnLB2hG6Bp2qcKEFduo4tZu9MT/H6NQv/ghhy30o55ufafxJ/LdH79LLs2Kfrn85TLKyA7BUg==
  dependencies:
    is-extglob "^2.1.1"

is-number@^7.0.0:
  version "7.0.0"
  resolved "https://registry.yarnpkg.com/is-number/-/is-number-7.0.0.tgz#7535345b896734d5f80c4d06c50955527a14f12b"
  integrity sha512-41Cifkg6e8TylSpdtTpeLVMqvSBEVzTttHvERD741+pnZ8ANv0004MRL43QKPDlK9cGvNp6NZWZUBlbGXYxxng==

merge2@^1.3.0:
  version "1.4.1"
  resolved "https://registry.yarnpkg.com/merge2/-/merge2-1.4.1.tgz#4368892f885e907455a6fd7dc55c0c9d404990ae"
  integrity sha512-8q7VEgMJW4J8tcfVPy8g09NcQwZdbwFEqhe/WZkoIzjn/3TGDwtOCYtXGxA3O8tPzpczCCDgv+P2P5y00ZJOOg==

micromatch@^4.0.4:
  version "4.0.4"
  resolved "https://registry.yarnpkg.com/micromatch/-/micromatch-4.0.4.tgz#896d519dfe9db25fce94ceb7a500919bf881ebf9"
  integrity sha512-pRmzw/XUcwXGpD9aI9q/0XOwLNygjETJ8y0ao0wdqprrzDa4YnxLcz7fQRZr8voh8V10kGhABbNcHVk5wHgWwg==
  dependencies:
    braces "^3.0.1"
    picomatch "^2.2.3"

picomatch@^2.2.3:
  version "2.3.0"
  resolved "https://registry.yarnpkg.com/picomatch/-/picomatch-2.3.0.tgz#f1f061de8f6a4bf022892e2d128234fb98302972"
  integrity sha512-lY1Q/PiJGC2zOv/z391WOTD+Z02bCgsFfvxoXXf6h7kv9o+WmsmzYqrAwY63sNgOxE4xEdq0WyUnXfKeBrSvYw==

queue-microtask@^1.2.2:
  version "1.2.3"
  resolved "https://registry.yarnpkg.com/queue-microtask/-/queue-microtask-1.2.3.tgz#4929228bbc724dfac43e0efb058caf7b6cfb6243"
  integrity sha512-NuaNSa6flKT5JaSYQzJok04JzTL1CA6aGhv5rfLW3PgqA+M2ChpZQnAC8h8i4ZFkBS8X5RqkDBHA7r4hej3K9A==

reusify@^1.0.4:
  version "1.0.4"
  resolved "https://registry.yarnpkg.com/reusify/-/reusify-1.0.4.tgz#90da382b1e126efc02146e90845a88db12925d76"
  integrity sha512-U9nH88a3fc/ekCF1l0/UP1IosiuIjyTh7hBvXVMHYgVcfGvt897Xguj2UOLDeI5BG2m7/uwyaLVT6fbtCwTyzw==

run-parallel@^1.1.9:
  version "1.2.0"
  resolved "https://registry.yarnpkg.com/run-parallel/-/run-parallel-1.2.0.tgz#66d1368da7bdf921eb9d95bd1a9229e7f21a43ee"
  integrity sha512-5l4VyZR86LZ/lDxZTR6jqL8AFE2S0IFLMP26AbjsLVADxHdhB/c0GUsH+y39UfCi3dzz8OlQuPmnaJOMoDHQBA==
  dependencies:
    queue-microtask "^1.2.2"

slash@3.0.0:
  version "3.0.0"
  resolved "https://registry.yarnpkg.com/slash/-/slash-3.0.0.tgz#6539be870c165adbd5240220dbe361f1bc4d4634"
  integrity sha512-g9Q1haeby36OSStwb4ntCGGGaKsaVSjQ68fBxoQcutl5fS1vuY18H3wSt3jFyFtrkx+Kz0V1G85A4MyAdDMi2Q==

source-map@^0.7.3:
  version "0.7.3"
  resolved "https://registry.yarnpkg.com/source-map/-/source-map-0.7.3.tgz#5302f8169031735226544092e64981f751750383"
  integrity sha512-CkCj6giN3S+n9qrYiBTX5gystlENnRW5jZeNLHpe6aue+SrHcG5VYwujhW9s4dY31mEGsxBDrHR6oI69fTXsaQ==

to-regex-range@^5.0.1:
  version "5.0.1"
  resolved "https://registry.yarnpkg.com/to-regex-range/-/to-regex-range-5.0.1.tgz#1648c44aae7c8d988a326018ed72f5b4dd0392e4"
  integrity sha512-65P7iz6X5yEr1cwcgvQxbbIw7Uk3gOy5dIdtZ4rDveLqhrdJP+Li/Hx6tyK0NEb+2GCyneCMJiGqrADCSNk8sQ==
  dependencies:
    is-number "^7.0.0"
